
Microsoft Visual Studio Solution File, Format Version 12.00
# Visual Studio Version 16
VisualStudioVersion = 16.0.29102.190
MinimumVisualStudioVersion = 10.0.40219.1
Project("{9A19103F-16F7-4668-BE54-9A1E7A4F7556}") = "Gap.Seguros.API", "Gap.Seguros.API\Gap.Seguros.API.csproj", "{C54627C4-D57F-4383-A6F2-151521C9B74B}"
EndProject
Project("{2150E333-8FDC-42A3-9474-1A3956D46DE8}") = "Aplication", "Aplication", "{5CD3EA32-5942-4D94-9E0A-C13E2632F90D}"
EndProject
Project("{2150E333-8FDC-42A3-9474-1A3956D46DE8}") = "Domain", "Domain", "{B08758EF-F26B-436E-841E-83AE8DADACBE}"
EndProject
Project("{2150E333-8FDC-42A3-9474-1A3956D46DE8}") = "Infrastructure", "Infrastructure", "{F19508D9-2478-4D46-A2C7-711481F360C0}"
EndProject
Project("{2150E333-8FDC-42A3-9474-1A3956D46DE8}") = "Test", "Test", "{2B0B6C92-F560-43A5-A18D-3D22498B42D3}"
EndProject
Project("{9A19103F-16F7-4668-BE54-9A1E7A4F7556}") = "Gap.Seguros.Domain", "Gap.Seguros.Domain\Gap.Seguros.Domain.csproj", "{B58EDCED-22E6-4CEC-A5E2-E61DF6FECF46}"
EndProject
Project("{9A19103F-16F7-4668-BE54-9A1E7A4F7556}") = "Gap.Seguros.Infrastructure", "Gap.Seguros.Infrastructure\Gap.Seguros.Infrastructure.csproj", "{1A150A21-2573-4DA9-8281-D00A245FD3EC}"
EndProject
Project("{FAE04EC0-301F-11D3-BF4B-00C04F79EFBC}") = "Gap.Seguros.UnitTests", "Gap.Seguros.UnitTests\Gap.Seguros.UnitTests.csproj", "{59552FDC-0F66-4E71-AA01-2AC8B22FFCA5}"
EndProject
Global
	GlobalSection(SolutionConfigurationPlatforms) = preSolution
		Debug|Any CPU = Debug|Any CPU
		Release|Any CPU = Release|Any CPU
	EndGlobalSection
	GlobalSection(ProjectConfigurationPlatforms) = postSolution
		{C54627C4-D57F-4383-A6F2-151521C9B74B}.Debug|Any CPU.ActiveCfg = Debug|Any CPU
		{C54627C4-D57F-4383-A6F2-151521C9B74B}.Debug|Any CPU.Build.0 = Debug|Any CPU
		{C54627C4-D57F-4383-A6F2-151521C9B74B}.Release|Any CPU.ActiveCfg = Release|Any CPU
		{C54627C4-D57F-4383-A6F2-151521C9B74B}.Release|Any CPU.Build.0 = Release|Any CPU
		{B58EDCED-22E6-4CEC-A5E2-E61DF6FECF46}.Debug|Any CPU.ActiveCfg = Debug|Any CPU
		{B58EDCED-22E6-4CEC-A5E2-E61DF6FECF46}.Debug|Any CPU.Build.0 = Debug|Any CPU
		{B58EDCED-22E6-4CEC-A5E2-E61DF6FECF46}.Release|Any CPU.ActiveCfg = Release|Any CPU
		{B58EDCED-22E6-4CEC-A5E2-E61DF6FECF46}.Release|Any CPU.Build.0 = Release|Any CPU
		{1A150A21-2573-4DA9-8281-D00A245FD3EC}.Debug|Any CPU.ActiveCfg = Debug|Any CPU
		{1A150A21-2573-4DA9-8281-D00A245FD3EC}.Debug|Any CPU.Build.0 = Debug|Any CPU
		{1A150A21-2573-4DA9-8281-D00A245FD3EC}.Release|Any CPU.ActiveCfg = Release|Any CPU
		{1A150A21-2573-4DA9-8281-D00A245FD3EC}.Release|Any CPU.Build.0 = Release|Any CPU
		{59552FDC-0F66-4E71-AA01-2AC8B22FFCA5}.Debug|Any CPU.ActiveCfg = Debug|Any CPU
		{59552FDC-0F66-4E71-AA01-2AC8B22FFCA5}.Debug|Any CPU.Build.0 = Debug|Any CPU
		{59552FDC-0F66-4E71-AA01-2AC8B22FFCA5}.Release|Any CPU.ActiveCfg = Release|Any CPU
		{59552FDC-0F66-4E71-AA01-2AC8B22FFCA5}.Release|Any CPU.Build.0 = Release|Any CPU
	EndGlobalSection
	GlobalSection(SolutionProperties) = preSolution
		HideSolutionNode = FALSE
	EndGlobalSection
	GlobalSection(NestedProjects) = preSolution
		{C54627C4-D57F-4383-A6F2-151521C9B74B} = {5CD3EA32-5942-4D94-9E0A-C13E2632F90D}
		{B58EDCED-22E6-4CEC-A5E2-E61DF6FECF46} = {B08758EF-F26B-436E-841E-83AE8DADACBE}
		{1A150A21-2573-4DA9-8281-D00A245FD3EC} = {F19508D9-2478-4D46-A2C7-711481F360C0}
		{59552FDC-0F66-4E71-AA01-2AC8B22FFCA5} = {2B0B6C92-F560-43A5-A18D-3D22498B42D3}
	EndGlobalSection
	GlobalSection(ExtensibilityGlobals) = postSolution
		SolutionGuid = {F47948E4-B475-4B41-80C6-E1FE59CDCCF3}
	EndGlobalSection
EndGlobal
